# THIS IS AN AUTOGENERATED FILE. DO NOT EDIT THIS FILE DIRECTLY.
# yarn lockfile v1


nanospinner@^1.0.0:
  version "1.0.0"
  resolved "https://registry.npmjs.org/nanospinner/-/nanospinner-1.0.0.tgz"
  integrity sha512-14c2r2QQ9xfTmdbqdF51FKCNvww+0ZON9GeEHur+pBdOufoFvxD4CZQRaYWmFrGH3Nuv7PZ/9Q+wsV+hFSp32g==
  dependencies:
    picocolors "^1.0.0"

outdent@^0.8.0:
  version "0.8.0"
  resolved "https://registry.npmjs.org/outdent/-/outdent-0.8.0.tgz"
  integrity sha512-KiOAIsdpUTcAXuykya5fnVVT+/5uS0Q1mrkRHcF89tpieSmY33O/tmc54CqwA+bfhbtEfZUNLHaPUiB9X3jt1A==

picocolors@^1.0.0:
  version "1.0.0"
  resolved "https://registry.npmjs.org/picocolors/-/picocolors-1.0.0.tgz"
  integrity sha512-1fygroTLlHu66zi26VoTDv8yRgm0Fccecssto+MhsZ0D/DGW2sm8E8AjW7NU5VVTRt5GxbeZ5qBuJr+HyLYkjQ==
